// !$*UTF8*$!
{
	archiveVersion = 1;
	classes = {
	};
	objectVersion = 55;
	objects = {

/* Begin PBXBuildFile section */
		292427022848FE1A008CC4BC /* MeetingsVC.swift in Sources */ = {isa = PBXBuildFile; fileRef = 292427012848FE1A008CC4BC /* MeetingsVC.swift */; };
		292427042848FE6B008CC4BC /* CreateMeetingsVC.swift in Sources */ = {isa = PBXBuildFile; fileRef = 292427032848FE6B008CC4BC /* CreateMeetingsVC.swift */; };
		292427062848FE8D008CC4BC /* SettingsVC.swift in Sources */ = {isa = PBXBuildFile; fileRef = 292427052848FE8D008CC4BC /* SettingsVC.swift */; };
		292427082849009A008CC4BC /* MeetingsCell.swift in Sources */ = {isa = PBXBuildFile; fileRef = 292427072849009A008CC4BC /* MeetingsCell.swift */; };
		29BF7EC72848C7F200EBCB88 /* AppDelegate.swift in Sources */ = {isa = PBXBuildFile; fileRef = 29BF7EC62848C7F200EBCB88 /* AppDelegate.swift */; };
		29BF7EC92848C7F200EBCB88 /* SceneDelegate.swift in Sources */ = {isa = PBXBuildFile; fileRef = 29BF7EC82848C7F200EBCB88 /* SceneDelegate.swift */; };
		29BF7ECB2848C7F200EBCB88 /* LoginVC.swift in Sources */ = {isa = PBXBuildFile; fileRef = 29BF7ECA2848C7F200EBCB88 /* LoginVC.swift */; };
		29BF7ECE2848C7F200EBCB88 /* Main.storyboard in Resources */ = {isa = PBXBuildFile; fileRef = 29BF7ECC2848C7F200EBCB88 /* Main.storyboard */; };
		29BF7ED02848C7F500EBCB88 /* Assets.xcassets in Resources */ = {isa = PBXBuildFile; fileRef = 29BF7ECF2848C7F500EBCB88 /* Assets.xcassets */; };
		29BF7ED32848C7F500EBCB88 /* LaunchScreen.storyboard in Resources */ = {isa = PBXBuildFile; fileRef = 29BF7ED12848C7F500EBCB88 /* LaunchScreen.storyboard */; };
		29BF7EDB2848D34C00EBCB88 /* GoogleService-Info.plist in Resources */ = {isa = PBXBuildFile; fileRef = 29BF7EDA2848D34C00EBCB88 /* GoogleService-Info.plist */; };
		B9EFF9C64AE75817ED9235C7 /* Pods_MeetingApp.framework in Frameworks */ = {isa = PBXBuildFile; fileRef = D7A362DF16FCCF0A994DED17 /* Pods_MeetingApp.framework */; };
/* End PBXBuildFile section */

/* Begin PBXFileReference section */
		04955B173167D18304B4450D /* Pods-MeetingApp.release.xcconfig */ = {isa = PBXFileReference; includeInIndex = 1; lastKnownFileType = text.xcconfig; name = "Pods-MeetingApp.release.xcconfig"; path = "Target Support Files/Pods-MeetingApp/Pods-MeetingApp.release.xcconfig"; sourceTree = "<group>"; };
		292427012848FE1A008CC4BC /* MeetingsVC.swift */ = {isa = PBXFileReference; lastKnownFileType = sourcecode.swift; path = MeetingsVC.swift; sourceTree = "<group>"; };
		292427032848FE6B008CC4BC /* CreateMeetingsVC.swift */ = {isa = PBXFileReference; lastKnownFileType = sourcecode.swift; path = CreateMeetingsVC.swift; sourceTree = "<group>"; };
		292427052848FE8D008CC4BC /* SettingsVC.swift */ = {isa = PBXFileReference; lastKnownFileType = sourcecode.swift; path = SettingsVC.swift; sourceTree = "<group>"; };
		292427072849009A008CC4BC /* MeetingsCell.swift */ = {isa = PBXFileReference; lastKnownFileType = sourcecode.swift; path = MeetingsCell.swift; sourceTree = "<group>"; };
		29BF7EC32848C7F200EBCB88 /* MeetingApp.app */ = {isa = PBXFileReference; explicitFileType = wrapper.application; includeInIndex = 0; path = MeetingApp.app; sourceTree = BUILT_PRODUCTS_DIR; };
		29BF7EC62848C7F200EBCB88 /* AppDelegate.swift */ = {isa = PBXFileReference; lastKnownFileType = sourcecode.swift; path = AppDelegate.swift; sourceTree = "<group>"; };
		29BF7EC82848C7F200EBCB88 /* SceneDelegate.swift */ = {isa = PBXFileReference; lastKnownFileType = sourcecode.swift; path = SceneDelegate.swift; sourceTree = "<group>"; };
		29BF7ECA2848C7F200EBCB88 /* LoginVC.swift */ = {isa = PBXFileReference; lastKnownFileType = sourcecode.swift; path = LoginVC.swift; sourceTree = "<group>"; };
		29BF7ECD2848C7F200EBCB88 /* Base */ = {isa = PBXFileReference; lastKnownFileType = file.storyboard; name = Base; path = Base.lproj/Main.storyboard; sourceTree = "<group>"; };
		29BF7ECF2848C7F500EBCB88 /* Assets.xcassets */ = {isa = PBXFileReference; lastKnownFileType = folder.assetcatalog; path = Assets.xcassets; sourceTree = "<group>"; };
		29BF7ED22848C7F500EBCB88 /* Base */ = {isa = PBXFileReference; lastKnownFileType = file.storyboard; name = Base; path = Base.lproj/LaunchScreen.storyboard; sourceTree = "<group>"; };
		29BF7ED42848C7F500EBCB88 /* Info.plist */ = {isa = PBXFileReference; lastKnownFileType = text.plist.xml; path = Info.plist; sourceTree = "<group>"; };
		29BF7EDA2848D34C00EBCB88 /* GoogleService-Info.plist */ = {isa = PBXFileReference; fileEncoding = 4; lastKnownFileType = text.plist.xml; path = "GoogleService-Info.plist"; sourceTree = "<group>"; };
		7BE4C906CB47B3F42E4F6E2A /* Pods-MeetingApp.debug.xcconfig */ = {isa = PBXFileReference; includeInIndex = 1; lastKnownFileType = text.xcconfig; name = "Pods-MeetingApp.debug.xcconfig"; path = "Target Support Files/Pods-MeetingApp/Pods-MeetingApp.debug.xcconfig"; sourceTree = "<group>"; };
		D7A362DF16FCCF0A994DED17 /* Pods_MeetingApp.framework */ = {isa = PBXFileReference; explicitFileType = wrapper.framework; includeInIndex = 0; path = Pods_MeetingApp.framework; sourceTree = BUILT_PRODUCTS_DIR; };
/* End PBXFileReference section */

/* Begin PBXFrameworksBuildPhase section */
		29BF7EC02848C7F200EBCB88 /* Frameworks */ = {
			isa = PBXFrameworksBuildPhase;
			buildActionMask = 2147483647;
			files = (
				B9EFF9C64AE75817ED9235C7 /* Pods_MeetingApp.framework in Frameworks */,
			);
			runOnlyForDeploymentPostprocessing = 0;
		};
/* End PBXFrameworksBuildPhase section */

/* Begin PBXGroup section */
		29BF7EBA2848C7F200EBCB88 = {
			isa = PBXGroup;
			children = (
				29BF7EC52848C7F200EBCB88 /* MeetingApp */,
				29BF7EC42848C7F200EBCB88 /* Products */,
				884BCA26BA19332ECF5B9971 /* Pods */,
				AE4C35DB9E94577CB01B009B /* Frameworks */,
			);
			sourceTree = "<group>";
		};
		29BF7EC42848C7F200EBCB88 /* Products */ = {
			isa = PBXGroup;
			children = (
				29BF7EC32848C7F200EBCB88 /* MeetingApp.app */,
			);
			name = Products;
			sourceTree = "<group>";
		};
		29BF7EC52848C7F200EBCB88 /* MeetingApp */ = {
			isa = PBXGroup;
			children = (
				29BF7EC62848C7F200EBCB88 /* AppDelegate.swift */,
				29BF7EC82848C7F200EBCB88 /* SceneDelegate.swift */,
				29BF7ECA2848C7F200EBCB88 /* LoginVC.swift */,
				292427012848FE1A008CC4BC /* MeetingsVC.swift */,
				292427072849009A008CC4BC /* MeetingsCell.swift */,
				292427032848FE6B008CC4BC /* CreateMeetingsVC.swift */,
				292427052848FE8D008CC4BC /* SettingsVC.swift */,
				29BF7ECC2848C7F200EBCB88 /* Main.storyboard */,
				29BF7ECF2848C7F500EBCB88 /* Assets.xcassets */,
				29BF7ED12848C7F500EBCB88 /* LaunchScreen.storyboard */,
				29BF7ED42848C7F500EBCB88 /* Info.plist */,
				29BF7EDA2848D34C00EBCB88 /* GoogleService-Info.plist */,
			);
			path = MeetingApp;
			sourceTree = "<group>";
		};
		884BCA26BA19332ECF5B9971 /* Pods */ = {
			isa = PBXGroup;
			children = (
				7BE4C906CB47B3F42E4F6E2A /* Pods-MeetingApp.debug.xcconfig */,
				04955B173167D18304B4450D /* Pods-MeetingApp.release.xcconfig */,
			);
			path = Pods;
			sourceTree = "<group>";
		};
		AE4C35DB9E94577CB01B009B /* Frameworks */ = {
			isa = PBXGroup;
			children = (
				D7A362DF16FCCF0A994DED17 /* Pods_MeetingApp.framework */,
			);
			name = Frameworks;
			sourceTree = "<group>";
		};
/* End PBXGroup section */

/* Begin PBXNativeTarget section */
		29BF7EC22848C7F200EBCB88 /* MeetingApp */ = {
			isa = PBXNativeTarget;
			buildConfigurationList = 29BF7ED72848C7F500EBCB88 /* Build configuration list for PBXNativeTarget "MeetingApp" */;
			buildPhases = (
				993D49C8241A9E900F595BCA /* [CP] Check Pods Manifest.lock */,
				29BF7EBF2848C7F200EBCB88 /* Sources */,
				29BF7EC02848C7F200EBCB88 /* Frameworks */,
				29BF7EC12848C7F200EBCB88 /* Resources */,
				9AA0F8B75419A0D5D1F76309 /* [CP] Embed Pods Frameworks */,
			);
			buildRules = (
			);
			dependencies = (
			);
			name = MeetingApp;
			productName = MeetingApp;
			productReference = 29BF7EC32848C7F200EBCB88 /* MeetingApp.app */;
			productType = "com.apple.product-type.application";
		};
/* End PBXNativeTarget section */

/* Begin PBXProject section */
		29BF7EBB2848C7F200EBCB88 /* Project object */ = {
			isa = PBXProject;
			attributes = {
				BuildIndependentTargetsInParallel = 1;
				LastSwiftUpdateCheck = 1340;
				LastUpgradeCheck = 1340;
				TargetAttributes = {
					29BF7EC22848C7F200EBCB88 = {
						CreatedOnToolsVersion = 13.4;
					};
				};
			};
			buildConfigurationList = 29BF7EBE2848C7F200EBCB88 /* Build configuration list for PBXProject "MeetingApp" */;
			compatibilityVersion = "Xcode 13.0";
			developmentRegion = en;
			hasScannedForEncodings = 0;
			knownRegions = (
				en,
				Base,
			);
			mainGroup = 29BF7EBA2848C7F200EBCB88;
			productRefGroup = 29BF7EC42848C7F200EBCB88 /* Products */;
			projectDirPath = "";
			projectRoot = "";
			targets = (
				29BF7EC22848C7F200EBCB88 /* MeetingApp */,
			);
		};
/* End PBXProject section */

/* Begin PBXResourcesBuildPhase section */
		29BF7EC12848C7F200EBCB88 /* Resources */ = {
			isa = PBXResourcesBuildPhase;
			buildActionMask = 2147483647;
			files = (
				29BF7ED32848C7F500EBCB88 /* LaunchScreen.storyboard in Resources */,
				29BF7EDB2848D34C00EBCB88 /* GoogleService-Info.plist in Resources */,
				29BF7ED02848C7F500EBCB88 /* Assets.xcassets in Resources */,
				29BF7ECE2848C7F200EBCB88 /* Main.storyboard in Resources */,
			);
			runOnlyForDeploymentPostprocessing = 0;
		};
/* End PBXResourcesBuildPhase section */

/* Begin PBXShellScriptBuildPhase section */
		993D49C8241A9E900F595BCA /* [CP] Check Pods Manifest.lock */ = {
			isa = PBXShellScriptBuildPhase;
			buildActionMask = 2147483647;
			files = (
			);
			inputFileListPaths = (
			);
			inputPaths = (
				"${PODS_PODFILE_DIR_PATH}/Podfile.lock",
				"${PODS_ROOT}/Manifest.lock",
			);
			name = "[CP] Check Pods Manifest.lock";
			outputFileListPaths = (
			);
			outputPaths = (
				"$(DERIVED_FILE_DIR)/Pods-MeetingApp-checkManifestLockResult.txt",
			);
			runOnlyForDeploymentPostprocessing = 0;
			shellPath = /bin/sh;
			shellScript = "diff \"${PODS_PODFILE_DIR_PATH}/Podfile.lock\" \"${PODS_ROOT}/Manifest.lock\" > /dev/null\nif [ $? != 0 ] ; then\n    # print error to STDERR\n    echo \"error: The sandbox is not in sync with the Podfile.lock. Run 'pod install' or update your CocoaPods installation.\" >&2\n    exit 1\nfi\n# This output is used by Xcode 'outputs' to avoid re-running this script phase.\necho \"SUCCESS\" > \"${SCRIPT_OUTPUT_FILE_0}\"\n";
			showEnvVarsInLog = 0;
		};
		9AA0F8B75419A0D5D1F76309 /* [CP] Embed Pods Frameworks */ = {
			isa = PBXShellScriptBuildPhase;
			buildActionMask = 2147483647;
			files = (
			);
			inputFileListPaths = (
				"${PODS_ROOT}/Target Support Files/Pods-MeetingApp/Pods-MeetingApp-frameworks-${CONFIGURATION}-input-files.xcfilelist",
			);
			name = "[CP] Embed Pods Frameworks";
			outputFileListPaths = (
				"${PODS_ROOT}/Target Support Files/Pods-MeetingApp/Pods-MeetingApp-frameworks-${CONFIGURATION}-output-files.xcfilelist",
			);
			runOnlyForDeploymentPostprocessing = 0;
			shellPath = /bin/sh;
			shellScript = "\"${PODS_ROOT}/Target Support Files/Pods-MeetingApp/Pods-MeetingApp-frameworks.sh\"\n";
			showEnvVarsInLog = 0;
		};
/* End PBXShellScriptBuildPhase section */

/* Begin PBXSourcesBuildPhase section */
		29BF7EBF2848C7F200EBCB88 /* Sources */ = {
			isa = PBXSourcesBuildPhase;
			buildActionMask = 2147483647;
			files = (
				292427022848FE1A008CC4BC /* MeetingsVC.swift in Sources */,
				29BF7ECB2848C7F200EBCB88 /* LoginVC.swift in Sources */,
				292427042848FE6B008CC4BC /* CreateMeetingsVC.swift in Sources */,
				292427082849009A008CC4BC /* MeetingsCell.swift in Sources */,
				29BF7EC72848C7F200EBCB88 /* AppDelegate.swift in Sources */,
				29BF7EC92848C7F200EBCB88 /* SceneDelegate.swift in Sources */,
				292427062848FE8D008CC4BC /* SettingsVC.swift in Sources */,
			);
			runOnlyForDeploymentPostprocessing = 0;
		};
/* End PBXSourcesBuildPhase section */

/* Begin PBXVariantGroup section */
		29BF7ECC2848C7F200EBCB88 /* Main.storyboard */ = {
			isa = PBXVariantGroup;
			children = (
				29BF7ECD2848C7F200EBCB88 /* Base */,
			);
			name = Main.storyboard;
			sourceTree = "<group>";
		};
		29BF7ED12848C7F500EBCB88 /* LaunchScreen.storyboard */ = {
			isa = PBXVariantGroup;
			children = (
				29BF7ED22848C7F500EBCB88 /* Base */,
			);
			name = LaunchScreen.storyboard;
			sourceTree = "<group>";
		};
/* End PBXVariantGroup section */

/* Begin XCBuildConfiguration section */
		29BF7ED52848C7F500EBCB88 /* Debug */ = {
			isa = XCBuildConfiguration;
			buildSettings = {
				ALWAYS_SEARCH_USER_PATHS = NO;
				CLANG_ANALYZER_NONNULL = YES;
				CLANG_ANALYZER_NUMBER_OBJECT_CONVERSION = YES_AGGRESSIVE;
				CLANG_CXX_LANGUAGE_STANDARD = "gnu++17";
				CLANG_ENABLE_MODULES = YES;
				CLANG_ENABLE_OBJC_ARC = YES;
				CLANG_ENABLE_OBJC_WEAK = YES;
				CLANG_WARN_BLOCK_CAPTURE_AUTORELEASING = YES;
				CLANG_WARN_BOOL_CONVERSION = YES;
				CLANG_WARN_COMMA = YES;
				CLANG_WARN_CONSTANT_CONVERSION = YES;
				CLANG_WARN_DEPRECATED_OBJC_IMPLEMENTATIONS = YES;
				CLANG_WARN_DIRECT_OBJC_ISA_USAGE = YES_ERROR;
				CLANG_WARN_DOCUMENTATION_COMMENTS = YES;
				CLANG_WARN_EMPTY_BODY = YES;
				CLANG_WARN_ENUM_CONVERSION = YES;
				CLANG_WARN_INFINITE_RECURSION = YES;
				CLANG_WARN_INT_CONVERSION = YES;
				CLANG_WARN_NON_LITERAL_NULL_CONVERSION = YES;
				CLANG_WARN_OBJC_IMPLICIT_RETAIN_SELF = YES;
				CLANG_WARN_OBJC_LITERAL_CONVERSION = YES;
				CLANG_WARN_OBJC_ROOT_CLASS = YES_ERROR;
				CLANG_WARN_QUOTED_INCLUDE_IN_FRAMEWORK_HEADER = YES;
				CLANG_WARN_RANGE_LOOP_ANALYSIS = YES;
				CLANG_WARN_STRICT_PROTOTYPES = YES;
				CLANG_WARN_SUSPICIOUS_MOVE = YES;
				CLANG_WARN_UNGUARDED_AVAILABILITY = YES_AGGRESSIVE;
				CLANG_WARN_UNREACHABLE_CODE = YES;
				CLANG_WARN__DUPLICATE_METHOD_MATCH = YES;
				COPY_PHASE_STRIP = NO;
				DEBUG_INFORMATION_FORMAT = dwarf;
				ENABLE_STRICT_OBJC_MSGSEND = YES;
				ENABLE_TESTABILITY = YES;
				GCC_C_LANGUAGE_STANDARD = gnu11;
				GCC_DYNAMIC_NO_PIC = NO;
				GCC_NO_COMMON_BLOCKS = YES;
				GCC_OPTIMIZATION_LEVEL = 0;
				GCC_PREPROCESSOR_DEFINITIONS = (
					"DEBUG=1",
					"$(inherited)",
				);
				GCC_WARN_64_TO_32_BIT_CONVERSION = YES;
				GCC_WARN_ABOUT_RETURN_TYPE = YES_ERROR;
				GCC_WARN_UNDECLARED_SELECTOR = YES;
				GCC_WARN_UNINITIALIZED_AUTOS = YES_AGGRESSIVE;
				GCC_WARN_UNUSED_FUNCTION = YES;
				GCC_WARN_UNUSED_VARIABLE = YES;
				IPHONEOS_DEPLOYMENT_TARGET = 15.5;
				MTL_ENABLE_DEBUG_INFO = INCLUDE_SOURCE;
				MTL_FAST_MATH = YES;
				ONLY_ACTIVE_ARCH = YES;
				SDKROOT = iphoneos;
				SWIFT_ACTIVE_COMPILATION_CONDITIONS = DEBUG;
				SWIFT_OPTIMIZATION_LEVEL = "-Onone";
			};
			name = Debug;
		};
		29BF7ED62848C7F500EBCB88 /* Release */ = {
			isa = XCBuildConfiguration;
			buildSettings = {
				ALWAYS_SEARCH_USER_PATHS = NO;
				CLANG_ANALYZER_NONNULL = YES;
				CLANG_ANALYZER_NUMBER_OBJECT_CONVERSION = YES_AGGRESSIVE;
				CLANG_CXX_LANGUAGE_STANDARD = "gnu++17";
				CLANG_ENABLE_MODULES = YES;
				CLANG_ENABLE_OBJC_ARC = YES;
				CLANG_ENABLE_OBJC_WEAK = YES;
				CLANG_WARN_BLOCK_CAPTURE_AUTORELEASING = YES;
				CLANG_WARN_BOOL_CONVERSION = YES;
				CLANG_WARN_COMMA = YES;
				CLANG_WARN_CONSTANT_CONVERSION = YES;
				CLANG_WARN_DEPRECATED_OBJC_IMPLEMENTATIONS = YES;
				CLANG_WARN_DIRECT_OBJC_ISA_USAGE = YES_ERROR;
				CLANG_WARN_DOCUMENTATION_COMMENTS = YES;
				CLANG_WARN_EMPTY_BODY = YES;
				CLANG_WARN_ENUM_CONVERSION = YES;
				CLANG_WARN_INFINITE_RECURSION = YES;
				CLANG_WARN_INT_CONVERSION = YES;
				CLANG_WARN_NON_LITERAL_NULL_CONVERSION = YES;
				CLANG_WARN_OBJC_IMPLICIT_RETAIN_SELF = YES;
				CLANG_WARN_OBJC_LITERAL_CONVERSION = YES;
				CLANG_WARN_OBJC_ROOT_CLASS = YES_ERROR;
				CLANG_WARN_QUOTED_INCLUDE_IN_FRAMEWORK_HEADER = YES;
				CLANG_WARN_RANGE_LOOP_ANALYSIS = YES;
				CLANG_WARN_STRICT_PROTOTYPES = YES;
				CLANG_WARN_SUSPICIOUS_MOVE = YES;
				CLANG_WARN_UNGUARDED_AVAILABILITY = YES_AGGRESSIVE;
				CLANG_WARN_UNREACHABLE_CODE = YES;
				CLANG_WARN__DUPLICATE_METHOD_MATCH = YES;
				COPY_PHASE_STRIP = NO;
				DEBUG_INFORMATION_FORMAT = "dwarf-with-dsym";
				ENABLE_NS_ASSERTIONS = NO;
				ENABLE_STRICT_OBJC_MSGSEND = YES;
				GCC_C_LANGUAGE_STANDARD = gnu11;
				GCC_NO_COMMON_BLOCKS = YES;
				GCC_WARN_64_TO_32_BIT_CONVERSION = YES;
				GCC_WARN_ABOUT_RETURN_TYPE = YES_ERROR;
				GCC_WARN_UNDECLARED_SELECTOR = YES;
				GCC_WARN_UNINITIALIZED_AUTOS = YES_AGGRESSIVE;
				GCC_WARN_UNUSED_FUNCTION = YES;
				GCC_WARN_UNUSED_VARIABLE = YES;
				IPHONEOS_DEPLOYMENT_TARGET = 15.5;
				MTL_ENABLE_DEBUG_INFO = NO;
				MTL_FAST_MATH = YES;
				SDKROOT = iphoneos;
				SWIFT_COMPILATION_MODE = wholemodule;
				SWIFT_OPTIMIZATION_LEVEL = "-O";
				VALIDATE_PRODUCT = YES;
			};
			name = Release;
		};
		29BF7ED82848C7F500EBCB88 /* Debug */ = {
			isa = XCBuildConfiguration;
			baseConfigurationReference = 7BE4C906CB47B3F42E4F6E2A /* Pods-MeetingApp.debug.xcconfig */;
			buildSettings = {
				ASSETCATALOG_COMPILER_APPICON_NAME = AppIcon;
				ASSETCATALOG_COMPILER_GLOBAL_ACCENT_COLOR_NAME = AccentColor;
				CODE_SIGN_STYLE = Automatic;
				CURRENT_PROJECT_VERSION = 1;
				DEVELOPMENT_TEAM = Q697MV4D34;
				GENERATE_INFOPLIST_FILE = YES;
				INFOPLIST_FILE = MeetingApp/Info.plist;
				INFOPLIST_KEY_UIApplicationSupportsIndirectInputEvents = YES;
				INFOPLIST_KEY_UILaunchStoryboardName = LaunchScreen;
				INFOPLIST_KEY_UIMainStoryboardFile = Main;
				INFOPLIST_KEY_UISupportedInterfaceOrientations_iPad = "UIInterfaceOrientationPortrait UIInterfaceOrientationPortraitUpsideDown UIInterfaceOrientationLandscapeLeft UIInterfaceOrientationLandscapeRight";
				INFOPLIST_KEY_UISupportedInterfaceOrientations_iPhone = "UIInterfaceOrientationPortrait UIInterfaceOrientationLandscapeLeft UIInterfaceOrientationLandscapeRight";
				LD_RUNPATH_SEARCH_PATHS = (
					"$(inherited)",
					"@executable_path/Frameworks",
				);
				MARKETING_VERSION = 1.0;
				PRODUCT_BUNDLE_IDENTIFIER = com.melihyuvaci.MeetingApp;
				PRODUCT_NAME = "$(TARGET_NAME)";
				SWIFT_EMIT_LOC_STRINGS = YES;
				SWIFT_VERSION = 5.0;
				TARGETED_DEVICE_FAMILY = "1,2";
			};
			name = Debug;
		};
		29BF7ED92848C7F500EBCB88 /* Release */ = {
			isa = XCBuildConfiguration;
			baseConfigurationReference = 04955B173167D18304B4450D /* Pods-MeetingApp.release.xcconfig */;
			buildSettings = {
				ASSETCATALOG_COMPILER_APPICON_NAME = AppIcon;
				ASSETCATALOG_COMPILER_GLOBAL_ACCENT_COLOR_NAME = AccentColor;
				CODE_SIGN_STYLE = Automatic;
				CURRENT_PROJECT_VERSION = 1;
				DEVELOPMENT_TEAM = Q697MV4D34;
				GENERATE_INFOPLIST_FILE = YES;
				INFOPLIST_FILE = MeetingApp/Info.plist;
				INFOPLIST_KEY_UIApplicationSupportsIndirectInputEvents = YES;
				INFOPLIST_KEY_UILaunchStoryboardName = LaunchScreen;
				INFOPLIST_KEY_UIMainStoryboardFile = Main;
				INFOPLIST_KEY_UISupportedInterfaceOrientations_iPad = "UIInterfaceOrientationPortrait UIInterfaceOrientationPortraitUpsideDown UIInterfaceOrientationLandscapeLeft UIInterfaceOrientationLandscapeRight";
				INFOPLIST_KEY_UISupportedInterfaceOrientations_iPhone = "UIInterfaceOrientationPortrait UIInterfaceOrientationLandscapeLeft UIInterfaceOrientationLandscapeRight";
				LD_RUNPATH_SEARCH_PATHS = (
					"$(inherited)",
					"@executable_path/Frameworks",
				);
				MARKETING_VERSION = 1.0;
				PRODUCT_BUNDLE_IDENTIFIER = com.melihyuvaci.MeetingApp;
				PRODUCT_NAME = "$(TARGET_NAME)";
				SWIFT_EMIT_LOC_STRINGS = YES;
				SWIFT_VERSION = 5.0;
				TARGETED_DEVICE_FAMILY = "1,2";
			};
			name = Release;
		};
/* End XCBuildConfiguration section */

/* Begin XCConfigurationList section */
		29BF7EBE2848C7F200EBCB88 /* Build configuration list for PBXProject "MeetingApp" */ = {
			isa = XCConfigurationList;
			buildConfigurations = (
				29BF7ED52848C7F500EBCB88 /* Debug */,
				29BF7ED62848C7F500EBCB88 /* Release */,
			);
			defaultConfigurationIsVisible = 0;
			defaultConfigurationName = Release;
		};
		29BF7ED72848C7F500EBCB88 /* Build configuration list for PBXNativeTarget "MeetingApp" */ = {
			isa = XCConfigurationList;
			buildConfigurations = (
				29BF7ED82848C7F500EBCB88 /* Debug */,
				29BF7ED92848C7F500EBCB88 /* Release */,
			);
			defaultConfigurationIsVisible = 0;
			defaultConfigurationName = Release;
		};
/* End XCConfigurationList section */
	};
	rootObject = 29BF7EBB2848C7F200EBCB88 /* Project object */;
}
